// !$*UTF8*$!
{
	archiveVersion = 1;
	classes = {
	};
	objectVersion = 55;
	objects = {

/* Begin PBXBuildFile section */
		E9295A0A277104B300B14B26 /* AppDelegate.swift in Sources */ = {isa = PBXBuildFile; fileRef = E9295A09277104B300B14B26 /* AppDelegate.swift */; };
		E9295A0C277104B300B14B26 /* SceneDelegate.swift in Sources */ = {isa = PBXBuildFile; fileRef = E9295A0B277104B300B14B26 /* SceneDelegate.swift */; };
		E9295A13277104B400B14B26 /* Assets.xcassets in Resources */ = {isa = PBXBuildFile; fileRef = E9295A12277104B400B14B26 /* Assets.xcassets */; };
		E9295A16277104B400B14B26 /* LaunchScreen.storyboard in Resources */ = {isa = PBXBuildFile; fileRef = E9295A14277104B400B14B26 /* LaunchScreen.storyboard */; };
		E9295A1E2771052500B14B26 /* DownloadImageView.swift in Sources */ = {isa = PBXBuildFile; fileRef = E9295A1D2771052500B14B26 /* DownloadImageView.swift */; };
		E9295A202771053700B14B26 /* DownloadImageModel.swift in Sources */ = {isa = PBXBuildFile; fileRef = E9295A1F2771053700B14B26 /* DownloadImageModel.swift */; };
		E9295A222771054800B14B26 /* DownloadImageViewController.swift in Sources */ = {isa = PBXBuildFile; fileRef = E9295A212771054800B14B26 /* DownloadImageViewController.swift */; };
		E9295A282771068900B14B26 /* DownloadImagePresenter.swift in Sources */ = {isa = PBXBuildFile; fileRef = E9295A272771068900B14B26 /* DownloadImagePresenter.swift */; };
		E9295A2B27710B1600B14B26 /* DownloadImageAssembly.swift in Sources */ = {isa = PBXBuildFile; fileRef = E9295A2A27710B1600B14B26 /* DownloadImageAssembly.swift */; };
		E9295A2D27711EE700B14B26 /* DownloadImageTableViewCell.swift in Sources */ = {isa = PBXBuildFile; fileRef = E9295A2C27711EE700B14B26 /* DownloadImageTableViewCell.swift */; };
		E9295A30277121EA00B14B26 /* Metrics.swift in Sources */ = {isa = PBXBuildFile; fileRef = E9295A2F277121EA00B14B26 /* Metrics.swift */; };
/* End PBXBuildFile section */

/* Begin PBXFileReference section */
		E9295A06277104B300B14B26 /* DownloadImage.app */ = {isa = PBXFileReference; explicitFileType = wrapper.application; includeInIndex = 0; path = DownloadImage.app; sourceTree = BUILT_PRODUCTS_DIR; };
		E9295A09277104B300B14B26 /* AppDelegate.swift */ = {isa = PBXFileReference; lastKnownFileType = sourcecode.swift; path = AppDelegate.swift; sourceTree = "<group>"; };
		E9295A0B277104B300B14B26 /* SceneDelegate.swift */ = {isa = PBXFileReference; lastKnownFileType = sourcecode.swift; path = SceneDelegate.swift; sourceTree = "<group>"; };
		E9295A12277104B400B14B26 /* Assets.xcassets */ = {isa = PBXFileReference; lastKnownFileType = folder.assetcatalog; path = Assets.xcassets; sourceTree = "<group>"; };
		E9295A15277104B400B14B26 /* Base */ = {isa = PBXFileReference; lastKnownFileType = file.storyboard; name = Base; path = Base.lproj/LaunchScreen.storyboard; sourceTree = "<group>"; };
		E9295A17277104B400B14B26 /* Info.plist */ = {isa = PBXFileReference; lastKnownFileType = text.plist.xml; path = Info.plist; sourceTree = "<group>"; };
		E9295A1D2771052500B14B26 /* DownloadImageView.swift */ = {isa = PBXFileReference; lastKnownFileType = sourcecode.swift; path = DownloadImageView.swift; sourceTree = "<group>"; };
		E9295A1F2771053700B14B26 /* DownloadImageModel.swift */ = {isa = PBXFileReference; lastKnownFileType = sourcecode.swift; path = DownloadImageModel.swift; sourceTree = "<group>"; };
		E9295A212771054800B14B26 /* DownloadImageViewController.swift */ = {isa = PBXFileReference; lastKnownFileType = sourcecode.swift; path = DownloadImageViewController.swift; sourceTree = "<group>"; };
		E9295A272771068900B14B26 /* DownloadImagePresenter.swift */ = {isa = PBXFileReference; lastKnownFileType = sourcecode.swift; path = DownloadImagePresenter.swift; sourceTree = "<group>"; };
		E9295A2A27710B1600B14B26 /* DownloadImageAssembly.swift */ = {isa = PBXFileReference; lastKnownFileType = sourcecode.swift; path = DownloadImageAssembly.swift; sourceTree = "<group>"; };
		E9295A2C27711EE700B14B26 /* DownloadImageTableViewCell.swift */ = {isa = PBXFileReference; lastKnownFileType = sourcecode.swift; path = DownloadImageTableViewCell.swift; sourceTree = "<group>"; };
		E9295A2F277121EA00B14B26 /* Metrics.swift */ = {isa = PBXFileReference; lastKnownFileType = sourcecode.swift; path = Metrics.swift; sourceTree = "<group>"; };
/* End PBXFileReference section */

/* Begin PBXFrameworksBuildPhase section */
		E9295A03277104B300B14B26 /* Frameworks */ = {
			isa = PBXFrameworksBuildPhase;
			buildActionMask = 2147483647;
			files = (
			);
			runOnlyForDeploymentPostprocessing = 0;
		};
/* End PBXFrameworksBuildPhase section */

/* Begin PBXGroup section */
		E92959FD277104B200B14B26 = {
			isa = PBXGroup;
			children = (
				E9295A08277104B300B14B26 /* DownloadImage */,
				E9295A07277104B300B14B26 /* Products */,
			);
			sourceTree = "<group>";
		};
		E9295A07277104B300B14B26 /* Products */ = {
			isa = PBXGroup;
			children = (
				E9295A06277104B300B14B26 /* DownloadImage.app */,
			);
			name = Products;
			sourceTree = "<group>";
		};
		E9295A08277104B300B14B26 /* DownloadImage */ = {
			isa = PBXGroup;
			children = (
				E9295A2E277121DC00B14B26 /* Metrics */,
				E9295A23277105CA00B14B26 /* Applications */,
				E9295A2927710AFB00B14B26 /* Assembly */,
				E9295A262771060600B14B26 /* Model */,
				E9295A252771060100B14B26 /* View */,
				E9295A24277105F900B14B26 /* Presenter */,
				E9295A12277104B400B14B26 /* Assets.xcassets */,
				E9295A14277104B400B14B26 /* LaunchScreen.storyboard */,
				E9295A17277104B400B14B26 /* Info.plist */,
			);
			path = DownloadImage;
			sourceTree = "<group>";
		};
		E9295A23277105CA00B14B26 /* Applications */ = {
			isa = PBXGroup;
			children = (
				E9295A09277104B300B14B26 /* AppDelegate.swift */,
				E9295A0B277104B300B14B26 /* SceneDelegate.swift */,
			);
			path = Applications;
			sourceTree = "<group>";
		};
		E9295A24277105F900B14B26 /* Presenter */ = {
			isa = PBXGroup;
			children = (
				E9295A272771068900B14B26 /* DownloadImagePresenter.swift */,
			);
			path = Presenter;
			sourceTree = "<group>";
		};
		E9295A252771060100B14B26 /* View */ = {
			isa = PBXGroup;
			children = (
				E9295A1D2771052500B14B26 /* DownloadImageView.swift */,
				E9295A2C27711EE700B14B26 /* DownloadImageTableViewCell.swift */,
				E9295A212771054800B14B26 /* DownloadImageViewController.swift */,
			);
			path = View;
			sourceTree = "<group>";
		};
		E9295A262771060600B14B26 /* Model */ = {
			isa = PBXGroup;
			children = (
				E9295A1F2771053700B14B26 /* DownloadImageModel.swift */,
			);
			path = Model;
			sourceTree = "<group>";
		};
		E9295A2927710AFB00B14B26 /* Assembly */ = {
			isa = PBXGroup;
			children = (
				E9295A2A27710B1600B14B26 /* DownloadImageAssembly.swift */,
			);
			path = Assembly;
			sourceTree = "<group>";
		};
		E9295A2E277121DC00B14B26 /* Metrics */ = {
			isa = PBXGroup;
			children = (
				E9295A2F277121EA00B14B26 /* Metrics.swift */,
			);
			path = Metrics;
			sourceTree = "<group>";
		};
/* End PBXGroup section */

/* Begin PBXNativeTarget section */
		E9295A05277104B300B14B26 /* DownloadImage */ = {
			isa = PBXNativeTarget;
			buildConfigurationList = E9295A1A277104B400B14B26 /* Build configuration list for PBXNativeTarget "DownloadImage" */;
			buildPhases = (
				E9295A02277104B300B14B26 /* Sources */,
				E9295A03277104B300B14B26 /* Frameworks */,
				E9295A04277104B300B14B26 /* Resources */,
			);
			buildRules = (
			);
			dependencies = (
			);
			name = DownloadImage;
			productName = DownloadImage;
			productReference = E9295A06277104B300B14B26 /* DownloadImage.app */;
			productType = "com.apple.product-type.application";
		};
/* End PBXNativeTarget section */

/* Begin PBXProject section */
		E92959FE277104B200B14B26 /* Project object */ = {
			isa = PBXProject;
			attributes = {
				BuildIndependentTargetsInParallel = 1;
				LastSwiftUpdateCheck = 1320;
				LastUpgradeCheck = 1320;
				TargetAttributes = {
					E9295A05277104B300B14B26 = {
						CreatedOnToolsVersion = 13.2;
					};
				};
			};
			buildConfigurationList = E9295A01277104B200B14B26 /* Build configuration list for PBXProject "DownloadImage" */;
			compatibilityVersion = "Xcode 13.0";
			developmentRegion = en;
			hasScannedForEncodings = 0;
			knownRegions = (
				en,
				Base,
			);
			mainGroup = E92959FD277104B200B14B26;
			productRefGroup = E9295A07277104B300B14B26 /* Products */;
			projectDirPath = "";
			projectRoot = "";
			targets = (
				E9295A05277104B300B14B26 /* DownloadImage */,
			);
		};
/* End PBXProject section */

/* Begin PBXResourcesBuildPhase section */
		E9295A04277104B300B14B26 /* Resources */ = {
			isa = PBXResourcesBuildPhase;
			buildActionMask = 2147483647;
			files = (
				E9295A16277104B400B14B26 /* LaunchScreen.storyboard in Resources */,
				E9295A13277104B400B14B26 /* Assets.xcassets in Resources */,
			);
			runOnlyForDeploymentPostprocessing = 0;
		};
/* End PBXResourcesBuildPhase section */

/* Begin PBXSourcesBuildPhase section */
		E9295A02277104B300B14B26 /* Sources */ = {
			isa = PBXSourcesBuildPhase;
			buildActionMask = 2147483647;
			files = (
				E9295A282771068900B14B26 /* DownloadImagePresenter.swift in Sources */,
				E9295A2B27710B1600B14B26 /* DownloadImageAssembly.swift in Sources */,
				E9295A2D27711EE700B14B26 /* DownloadImageTableViewCell.swift in Sources */,
				E9295A202771053700B14B26 /* DownloadImageModel.swift in Sources */,
				E9295A30277121EA00B14B26 /* Metrics.swift in Sources */,
				E9295A1E2771052500B14B26 /* DownloadImageView.swift in Sources */,
				E9295A222771054800B14B26 /* DownloadImageViewController.swift in Sources */,
				E9295A0A277104B300B14B26 /* AppDelegate.swift in Sources */,
				E9295A0C277104B300B14B26 /* SceneDelegate.swift in Sources */,
			);
			runOnlyForDeploymentPostprocessing = 0;
		};
/* End PBXSourcesBuildPhase section */

/* Begin PBXVariantGroup section */
		E9295A14277104B400B14B26 /* LaunchScreen.storyboard */ = {
			isa = PBXVariantGroup;
			children = (
				E9295A15277104B400B14B26 /* Base */,
			);
			name = LaunchScreen.storyboard;
			sourceTree = "<group>";
		};
/* End PBXVariantGroup section */

/* Begin XCBuildConfiguration section */
		E9295A18277104B400B14B26 /* Debug */ = {
			isa = XCBuildConfiguration;
			buildSettings = {
				ALWAYS_SEARCH_USER_PATHS = NO;
				CLANG_ANALYZER_NONNULL = YES;
				CLANG_ANALYZER_NUMBER_OBJECT_CONVERSION = YES_AGGRESSIVE;
				CLANG_CXX_LANGUAGE_STANDARD = "gnu++17";
				CLANG_CXX_LIBRARY = "libc++";
				CLANG_ENABLE_MODULES = YES;
				CLANG_ENABLE_OBJC_ARC = YES;
				CLANG_ENABLE_OBJC_WEAK = YES;
				CLANG_WARN_BLOCK_CAPTURE_AUTORELEASING = YES;
				CLANG_WARN_BOOL_CONVERSION = YES;
				CLANG_WARN_COMMA = YES;
				CLANG_WARN_CONSTANT_CONVERSION = YES;
				CLANG_WARN_DEPRECATED_OBJC_IMPLEMENTATIONS = YES;
				CLANG_WARN_DIRECT_OBJC_ISA_USAGE = YES_ERROR;
				CLANG_WARN_DOCUMENTATION_COMMENTS = YES;
				CLANG_WARN_EMPTY_BODY = YES;
				CLANG_WARN_ENUM_CONVERSION = YES;
				CLANG_WARN_INFINITE_RECURSION = YES;
				CLANG_WARN_INT_CONVERSION = YES;
				CLANG_WARN_NON_LITERAL_NULL_CONVERSION = YES;
				CLANG_WARN_OBJC_IMPLICIT_RETAIN_SELF = YES;
				CLANG_WARN_OBJC_LITERAL_CONVERSION = YES;
				CLANG_WARN_OBJC_ROOT_CLASS = YES_ERROR;
				CLANG_WARN_QUOTED_INCLUDE_IN_FRAMEWORK_HEADER = YES;
				CLANG_WARN_RANGE_LOOP_ANALYSIS = YES;
				CLANG_WARN_STRICT_PROTOTYPES = YES;
				CLANG_WARN_SUSPICIOUS_MOVE = YES;
				CLANG_WARN_UNGUARDED_AVAILABILITY = YES_AGGRESSIVE;
				CLANG_WARN_UNREACHABLE_CODE = YES;
				CLANG_WARN__DUPLICATE_METHOD_MATCH = YES;
				COPY_PHASE_STRIP = NO;
				DEBUG_INFORMATION_FORMAT = dwarf;
				ENABLE_STRICT_OBJC_MSGSEND = YES;
				ENABLE_TESTABILITY = YES;
				GCC_C_LANGUAGE_STANDARD = gnu11;
				GCC_DYNAMIC_NO_PIC = NO;
				GCC_NO_COMMON_BLOCKS = YES;
				GCC_OPTIMIZATION_LEVEL = 0;
				GCC_PREPROCESSOR_DEFINITIONS = (
					"DEBUG=1",
					"$(inherited)",
				);
				GCC_WARN_64_TO_32_BIT_CONVERSION = YES;
				GCC_WARN_ABOUT_RETURN_TYPE = YES_ERROR;
				GCC_WARN_UNDECLARED_SELECTOR = YES;
				GCC_WARN_UNINITIALIZED_AUTOS = YES_AGGRESSIVE;
				GCC_WARN_UNUSED_FUNCTION = YES;
				GCC_WARN_UNUSED_VARIABLE = YES;
				IPHONEOS_DEPLOYMENT_TARGET = 15.2;
				MTL_ENABLE_DEBUG_INFO = INCLUDE_SOURCE;
				MTL_FAST_MATH = YES;
				ONLY_ACTIVE_ARCH = YES;
				SDKROOT = iphoneos;
				SWIFT_ACTIVE_COMPILATION_CONDITIONS = DEBUG;
				SWIFT_OPTIMIZATION_LEVEL = "-Onone";
			};
			name = Debug;
		};
		E9295A19277104B400B14B26 /* Release */ = {
			isa = XCBuildConfiguration;
			buildSettings = {
				ALWAYS_SEARCH_USER_PATHS = NO;
				CLANG_ANALYZER_NONNULL = YES;
				CLANG_ANALYZER_NUMBER_OBJECT_CONVERSION = YES_AGGRESSIVE;
				CLANG_CXX_LANGUAGE_STANDARD = "gnu++17";
				CLANG_CXX_LIBRARY = "libc++";
				CLANG_ENABLE_MODULES = YES;
				CLANG_ENABLE_OBJC_ARC = YES;
				CLANG_ENABLE_OBJC_WEAK = YES;
				CLANG_WARN_BLOCK_CAPTURE_AUTORELEASING = YES;
				CLANG_WARN_BOOL_CONVERSION = YES;
				CLANG_WARN_COMMA = YES;
				CLANG_WARN_CONSTANT_CONVERSION = YES;
				CLANG_WARN_DEPRECATED_OBJC_IMPLEMENTATIONS = YES;
				CLANG_WARN_DIRECT_OBJC_ISA_USAGE = YES_ERROR;
				CLANG_WARN_DOCUMENTATION_COMMENTS = YES;
				CLANG_WARN_EMPTY_BODY = YES;
				CLANG_WARN_ENUM_CONVERSION = YES;
				CLANG_WARN_INFINITE_RECURSION = YES;
				CLANG_WARN_INT_CONVERSION = YES;
				CLANG_WARN_NON_LITERAL_NULL_CONVERSION = YES;
				CLANG_WARN_OBJC_IMPLICIT_RETAIN_SELF = YES;
				CLANG_WARN_OBJC_LITERAL_CONVERSION = YES;
				CLANG_WARN_OBJC_ROOT_CLASS = YES_ERROR;
				CLANG_WARN_QUOTED_INCLUDE_IN_FRAMEWORK_HEADER = YES;
				CLANG_WARN_RANGE_LOOP_ANALYSIS = YES;
				CLANG_WARN_STRICT_PROTOTYPES = YES;
				CLANG_WARN_SUSPICIOUS_MOVE = YES;
				CLANG_WARN_UNGUARDED_AVAILABILITY = YES_AGGRESSIVE;
				CLANG_WARN_UNREACHABLE_CODE = YES;
				CLANG_WARN__DUPLICATE_METHOD_MATCH = YES;
				COPY_PHASE_STRIP = NO;
				DEBUG_INFORMATION_FORMAT = "dwarf-with-dsym";
				ENABLE_NS_ASSERTIONS = NO;
				ENABLE_STRICT_OBJC_MSGSEND = YES;
				GCC_C_LANGUAGE_STANDARD = gnu11;
				GCC_NO_COMMON_BLOCKS = YES;
				GCC_WARN_64_TO_32_BIT_CONVERSION = YES;
				GCC_WARN_ABOUT_RETURN_TYPE = YES_ERROR;
				GCC_WARN_UNDECLARED_SELECTOR = YES;
				GCC_WARN_UNINITIALIZED_AUTOS = YES_AGGRESSIVE;
				GCC_WARN_UNUSED_FUNCTION = YES;
				GCC_WARN_UNUSED_VARIABLE = YES;
				IPHONEOS_DEPLOYMENT_TARGET = 15.2;
				MTL_ENABLE_DEBUG_INFO = NO;
				MTL_FAST_MATH = YES;
				SDKROOT = iphoneos;
				SWIFT_COMPILATION_MODE = wholemodule;
				SWIFT_OPTIMIZATION_LEVEL = "-O";
				VALIDATE_PRODUCT = YES;
			};
			name = Release;
		};
		E9295A1B277104B400B14B26 /* Debug */ = {
			isa = XCBuildConfiguration;
			buildSettings = {
				ASSETCATALOG_COMPILER_APPICON_NAME = AppIcon;
				ASSETCATALOG_COMPILER_GLOBAL_ACCENT_COLOR_NAME = AccentColor;
				CODE_SIGN_STYLE = Automatic;
				CURRENT_PROJECT_VERSION = 1;
				DEVELOPMENT_TEAM = NDRZ8KX7T6;
				GENERATE_INFOPLIST_FILE = YES;
				INFOPLIST_FILE = DownloadImage/Info.plist;
				INFOPLIST_KEY_UIApplicationSupportsIndirectInputEvents = YES;
				INFOPLIST_KEY_UILaunchStoryboardName = LaunchScreen;
				INFOPLIST_KEY_UISupportedInterfaceOrientations = UIInterfaceOrientationPortrait;
				INFOPLIST_KEY_UISupportedInterfaceOrientations_iPad = "UIInterfaceOrientationPortrait UIInterfaceOrientationPortraitUpsideDown UIInterfaceOrientationLandscapeLeft UIInterfaceOrientationLandscapeRight";
				INFOPLIST_KEY_UISupportedInterfaceOrientations_iPhone = "UIInterfaceOrientationPortrait UIInterfaceOrientationLandscapeLeft UIInterfaceOrientationLandscapeRight";
				LD_RUNPATH_SEARCH_PATHS = (
					"$(inherited)",
					"@executable_path/Frameworks",
				);
				MARKETING_VERSION = 1.0;
				PRODUCT_BUNDLE_IDENTIFIER = pavel.com.by.DownloadImage;
				PRODUCT_NAME = "$(TARGET_NAME)";
				SWIFT_EMIT_LOC_STRINGS = YES;
				SWIFT_VERSION = 5.0;
				TARGETED_DEVICE_FAMILY = "1,2";
			};
			name = Debug;
		};
		E9295A1C277104B400B14B26 /* Release */ = {
			isa = XCBuildConfiguration;
			buildSettings = {
				ASSETCATALOG_COMPILER_APPICON_NAME = AppIcon;
				ASSETCATALOG_COMPILER_GLOBAL_ACCENT_COLOR_NAME = AccentColor;
				CODE_SIGN_STYLE = Automatic;
				CURRENT_PROJECT_VERSION = 1;
				DEVELOPMENT_TEAM = NDRZ8KX7T6;
				GENERATE_INFOPLIST_FILE = YES;
				INFOPLIST_FILE = DownloadImage/Info.plist;
				INFOPLIST_KEY_UIApplicationSupportsIndirectInputEvents = YES;
				INFOPLIST_KEY_UILaunchStoryboardName = LaunchScreen;
				INFOPLIST_KEY_UISupportedInterfaceOrientations = UIInterfaceOrientationPortrait;
				INFOPLIST_KEY_UISupportedInterfaceOrientations_iPad = "UIInterfaceOrientationPortrait UIInterfaceOrientationPortraitUpsideDown UIInterfaceOrientationLandscapeLeft UIInterfaceOrientationLandscapeRight";
				INFOPLIST_KEY_UISupportedInterfaceOrientations_iPhone = "UIInterfaceOrientationPortrait UIInterfaceOrientationLandscapeLeft UIInterfaceOrientationLandscapeRight";
				LD_RUNPATH_SEARCH_PATHS = (
					"$(inherited)",
					"@executable_path/Frameworks",
				);
				MARKETING_VERSION = 1.0;
				PRODUCT_BUNDLE_IDENTIFIER = pavel.com.by.DownloadImage;
				PRODUCT_NAME = "$(TARGET_NAME)";
				SWIFT_EMIT_LOC_STRINGS = YES;
				SWIFT_VERSION = 5.0;
				TARGETED_DEVICE_FAMILY = "1,2";
			};
			name = Release;
		};
/* End XCBuildConfiguration section */

/* Begin XCConfigurationList section */
		E9295A01277104B200B14B26 /* Build configuration list for PBXProject "DownloadImage" */ = {
			isa = XCConfigurationList;
			buildConfigurations = (
				E9295A18277104B400B14B26 /* Debug */,
				E9295A19277104B400B14B26 /* Release */,
			);
			defaultConfigurationIsVisible = 0;
			defaultConfigurationName = Release;
		};
		E9295A1A277104B400B14B26 /* Build configuration list for PBXNativeTarget "DownloadImage" */ = {
			isa = XCConfigurationList;
			buildConfigurations = (
				E9295A1B277104B400B14B26 /* Debug */,
				E9295A1C277104B400B14B26 /* Release */,
			);
			defaultConfigurationIsVisible = 0;
			defaultConfigurationName = Release;
		};
/* End XCConfigurationList section */
	};
	rootObject = E92959FE277104B200B14B26 /* Project object */;
}
