// !$*UTF8*$!
{
	archiveVersion = 1;
	classes = {
	};
	objectVersion = 55;
	objects = {

/* Begin PBXBuildFile section */
		E917BBDA2755481000C2DA53 /* DetailView.swift in Sources */ = {isa = PBXBuildFile; fileRef = E917BBD92755481000C2DA53 /* DetailView.swift */; };
		E917BBDC275548B200C2DA53 /* DetailViewController.swift in Sources */ = {isa = PBXBuildFile; fileRef = E917BBDB275548B200C2DA53 /* DetailViewController.swift */; };
		E917BBDE27555DAC00C2DA53 /* Presenter.swift in Sources */ = {isa = PBXBuildFile; fileRef = E917BBDD27555DAC00C2DA53 /* Presenter.swift */; };
		E917BBE02755675E00C2DA53 /* DetailModel.swift in Sources */ = {isa = PBXBuildFile; fileRef = E917BBDF2755675E00C2DA53 /* DetailModel.swift */; };
		E9BB73672752684200B48B5D /* AppDelegate.swift in Sources */ = {isa = PBXBuildFile; fileRef = E9BB73662752684200B48B5D /* AppDelegate.swift */; };
		E9BB73692752684200B48B5D /* SceneDelegate.swift in Sources */ = {isa = PBXBuildFile; fileRef = E9BB73682752684200B48B5D /* SceneDelegate.swift */; };
		E9BB736B2752684200B48B5D /* PhotosViewController.swift in Sources */ = {isa = PBXBuildFile; fileRef = E9BB736A2752684200B48B5D /* PhotosViewController.swift */; };
		E9BB73702752684400B48B5D /* Assets.xcassets in Resources */ = {isa = PBXBuildFile; fileRef = E9BB736F2752684400B48B5D /* Assets.xcassets */; };
		E9BB73732752684400B48B5D /* LaunchScreen.storyboard in Resources */ = {isa = PBXBuildFile; fileRef = E9BB73712752684400B48B5D /* LaunchScreen.storyboard */; };
		E9BB737F27526F4400B48B5D /* PhotosView.swift in Sources */ = {isa = PBXBuildFile; fileRef = E9BB737E27526F4400B48B5D /* PhotosView.swift */; };
		E9BB7381275272DC00B48B5D /* PhotosCollectionViewCell.swift in Sources */ = {isa = PBXBuildFile; fileRef = E9BB7380275272DC00B48B5D /* PhotosCollectionViewCell.swift */; };
		E9BB73832752914800B48B5D /* Metrics.swift in Sources */ = {isa = PBXBuildFile; fileRef = E9BB73822752914800B48B5D /* Metrics.swift */; };
		E9BB73922752EF6500B48B5D /* Photo.swift in Sources */ = {isa = PBXBuildFile; fileRef = E9BB73912752EF6500B48B5D /* Photo.swift */; };
/* End PBXBuildFile section */

/* Begin PBXFileReference section */
		E917BBD92755481000C2DA53 /* DetailView.swift */ = {isa = PBXFileReference; lastKnownFileType = sourcecode.swift; path = DetailView.swift; sourceTree = "<group>"; };
		E917BBDB275548B200C2DA53 /* DetailViewController.swift */ = {isa = PBXFileReference; lastKnownFileType = sourcecode.swift; path = DetailViewController.swift; sourceTree = "<group>"; };
		E917BBDD27555DAC00C2DA53 /* Presenter.swift */ = {isa = PBXFileReference; lastKnownFileType = sourcecode.swift; path = Presenter.swift; sourceTree = "<group>"; };
		E917BBDF2755675E00C2DA53 /* DetailModel.swift */ = {isa = PBXFileReference; lastKnownFileType = sourcecode.swift; path = DetailModel.swift; sourceTree = "<group>"; };
		E9BB73632752684200B48B5D /* CollectionAppWithArchitectures.app */ = {isa = PBXFileReference; explicitFileType = wrapper.application; includeInIndex = 0; path = CollectionAppWithArchitectures.app; sourceTree = BUILT_PRODUCTS_DIR; };
		E9BB73662752684200B48B5D /* AppDelegate.swift */ = {isa = PBXFileReference; lastKnownFileType = sourcecode.swift; path = AppDelegate.swift; sourceTree = "<group>"; };
		E9BB73682752684200B48B5D /* SceneDelegate.swift */ = {isa = PBXFileReference; lastKnownFileType = sourcecode.swift; path = SceneDelegate.swift; sourceTree = "<group>"; };
		E9BB736A2752684200B48B5D /* PhotosViewController.swift */ = {isa = PBXFileReference; lastKnownFileType = sourcecode.swift; path = PhotosViewController.swift; sourceTree = "<group>"; };
		E9BB736F2752684400B48B5D /* Assets.xcassets */ = {isa = PBXFileReference; lastKnownFileType = folder.assetcatalog; path = Assets.xcassets; sourceTree = "<group>"; };
		E9BB73722752684400B48B5D /* Base */ = {isa = PBXFileReference; lastKnownFileType = file.storyboard; name = Base; path = Base.lproj/LaunchScreen.storyboard; sourceTree = "<group>"; };
		E9BB73742752684400B48B5D /* Info.plist */ = {isa = PBXFileReference; lastKnownFileType = text.plist.xml; path = Info.plist; sourceTree = "<group>"; };
		E9BB737E27526F4400B48B5D /* PhotosView.swift */ = {isa = PBXFileReference; lastKnownFileType = sourcecode.swift; path = PhotosView.swift; sourceTree = "<group>"; };
		E9BB7380275272DC00B48B5D /* PhotosCollectionViewCell.swift */ = {isa = PBXFileReference; lastKnownFileType = sourcecode.swift; path = PhotosCollectionViewCell.swift; sourceTree = "<group>"; };
		E9BB73822752914800B48B5D /* Metrics.swift */ = {isa = PBXFileReference; lastKnownFileType = sourcecode.swift; path = Metrics.swift; sourceTree = "<group>"; };
		E9BB73912752EF6500B48B5D /* Photo.swift */ = {isa = PBXFileReference; lastKnownFileType = sourcecode.swift; path = Photo.swift; sourceTree = "<group>"; };
/* End PBXFileReference section */

/* Begin PBXFrameworksBuildPhase section */
		E9BB73602752684200B48B5D /* Frameworks */ = {
			isa = PBXFrameworksBuildPhase;
			buildActionMask = 2147483647;
			files = (
			);
			runOnlyForDeploymentPostprocessing = 0;
		};
/* End PBXFrameworksBuildPhase section */

/* Begin PBXGroup section */
		E917BBD42755302400C2DA53 /* Model */ = {
			isa = PBXGroup;
			children = (
				E917BBDF2755675E00C2DA53 /* DetailModel.swift */,
			);
			path = Model;
			sourceTree = "<group>";
		};
		E917BBD5275530CE00C2DA53 /* MVP */ = {
			isa = PBXGroup;
			children = (
				E917BBD42755302400C2DA53 /* Model */,
				E917BBD7275530FC00C2DA53 /* View */,
				E917BBD82755310400C2DA53 /* Presenter */,
			);
			path = MVP;
			sourceTree = "<group>";
		};
		E917BBD7275530FC00C2DA53 /* View */ = {
			isa = PBXGroup;
			children = (
				E917BBD92755481000C2DA53 /* DetailView.swift */,
				E917BBDB275548B200C2DA53 /* DetailViewController.swift */,
			);
			path = View;
			sourceTree = "<group>";
		};
		E917BBD82755310400C2DA53 /* Presenter */ = {
			isa = PBXGroup;
			children = (
				E917BBDD27555DAC00C2DA53 /* Presenter.swift */,
			);
			path = Presenter;
			sourceTree = "<group>";
		};
		E9BB735A2752684200B48B5D = {
			isa = PBXGroup;
			children = (
				E9BB73652752684200B48B5D /* CollectionAppWithArchitectures */,
				E9BB73642752684200B48B5D /* Products */,
			);
			sourceTree = "<group>";
		};
		E9BB73642752684200B48B5D /* Products */ = {
			isa = PBXGroup;
			children = (
				E9BB73632752684200B48B5D /* CollectionAppWithArchitectures.app */,
			);
			name = Products;
			sourceTree = "<group>";
		};
		E9BB73652752684200B48B5D /* CollectionAppWithArchitectures */ = {
			isa = PBXGroup;
			children = (
				E9BB73662752684200B48B5D /* AppDelegate.swift */,
				E9BB73682752684200B48B5D /* SceneDelegate.swift */,
				E9BB73822752914800B48B5D /* Metrics.swift */,
				E917BBD5275530CE00C2DA53 /* MVP */,
				E9BB73842752927300B48B5D /* MVC */,
				E9BB736F2752684400B48B5D /* Assets.xcassets */,
				E9BB73712752684400B48B5D /* LaunchScreen.storyboard */,
				E9BB73742752684400B48B5D /* Info.plist */,
			);
			path = CollectionAppWithArchitectures;
			sourceTree = "<group>";
		};
		E9BB73842752927300B48B5D /* MVC */ = {
			isa = PBXGroup;
			children = (
				E9BB73882752939000B48B5D /* Model */,
				E9BB73872752938400B48B5D /* View */,
				E9BB73852752936E00B48B5D /* Controller */,
			);
			path = MVC;
			sourceTree = "<group>";
		};
		E9BB73852752936E00B48B5D /* Controller */ = {
			isa = PBXGroup;
			children = (
				E9BB736A2752684200B48B5D /* PhotosViewController.swift */,
			);
			path = Controller;
			sourceTree = "<group>";
		};
		E9BB73872752938400B48B5D /* View */ = {
			isa = PBXGroup;
			children = (
				E9BB737E27526F4400B48B5D /* PhotosView.swift */,
				E9BB7380275272DC00B48B5D /* PhotosCollectionViewCell.swift */,
			);
			path = View;
			sourceTree = "<group>";
		};
		E9BB73882752939000B48B5D /* Model */ = {
			isa = PBXGroup;
			children = (
				E9BB73912752EF6500B48B5D /* Photo.swift */,
			);
			path = Model;
			sourceTree = "<group>";
		};
/* End PBXGroup section */

/* Begin PBXNativeTarget section */
		E9BB73622752684200B48B5D /* CollectionAppWithArchitectures */ = {
			isa = PBXNativeTarget;
			buildConfigurationList = E9BB73772752684400B48B5D /* Build configuration list for PBXNativeTarget "CollectionAppWithArchitectures" */;
			buildPhases = (
				E9BB735F2752684200B48B5D /* Sources */,
				E9BB73602752684200B48B5D /* Frameworks */,
				E9BB73612752684200B48B5D /* Resources */,
			);
			buildRules = (
			);
			dependencies = (
			);
			name = CollectionAppWithArchitectures;
			productName = CollectionAppWithArchitectures;
			productReference = E9BB73632752684200B48B5D /* CollectionAppWithArchitectures.app */;
			productType = "com.apple.product-type.application";
		};
/* End PBXNativeTarget section */

/* Begin PBXProject section */
		E9BB735B2752684200B48B5D /* Project object */ = {
			isa = PBXProject;
			attributes = {
				BuildIndependentTargetsInParallel = 1;
				LastSwiftUpdateCheck = 1310;
				LastUpgradeCheck = 1310;
				TargetAttributes = {
					E9BB73622752684200B48B5D = {
						CreatedOnToolsVersion = 13.1;
					};
				};
			};
			buildConfigurationList = E9BB735E2752684200B48B5D /* Build configuration list for PBXProject "CollectionAppWithArchitectures" */;
			compatibilityVersion = "Xcode 13.0";
			developmentRegion = en;
			hasScannedForEncodings = 0;
			knownRegions = (
				en,
				Base,
			);
			mainGroup = E9BB735A2752684200B48B5D;
			productRefGroup = E9BB73642752684200B48B5D /* Products */;
			projectDirPath = "";
			projectRoot = "";
			targets = (
				E9BB73622752684200B48B5D /* CollectionAppWithArchitectures */,
			);
		};
/* End PBXProject section */

/* Begin PBXResourcesBuildPhase section */
		E9BB73612752684200B48B5D /* Resources */ = {
			isa = PBXResourcesBuildPhase;
			buildActionMask = 2147483647;
			files = (
				E9BB73732752684400B48B5D /* LaunchScreen.storyboard in Resources */,
				E9BB73702752684400B48B5D /* Assets.xcassets in Resources */,
			);
			runOnlyForDeploymentPostprocessing = 0;
		};
/* End PBXResourcesBuildPhase section */

/* Begin PBXSourcesBuildPhase section */
		E9BB735F2752684200B48B5D /* Sources */ = {
			isa = PBXSourcesBuildPhase;
			buildActionMask = 2147483647;
			files = (
				E9BB73922752EF6500B48B5D /* Photo.swift in Sources */,
				E9BB736B2752684200B48B5D /* PhotosViewController.swift in Sources */,
				E917BBDA2755481000C2DA53 /* DetailView.swift in Sources */,
				E917BBDC275548B200C2DA53 /* DetailViewController.swift in Sources */,
				E917BBDE27555DAC00C2DA53 /* Presenter.swift in Sources */,
				E9BB73832752914800B48B5D /* Metrics.swift in Sources */,
				E9BB7381275272DC00B48B5D /* PhotosCollectionViewCell.swift in Sources */,
				E9BB73672752684200B48B5D /* AppDelegate.swift in Sources */,
				E9BB73692752684200B48B5D /* SceneDelegate.swift in Sources */,
				E917BBE02755675E00C2DA53 /* DetailModel.swift in Sources */,
				E9BB737F27526F4400B48B5D /* PhotosView.swift in Sources */,
			);
			runOnlyForDeploymentPostprocessing = 0;
		};
/* End PBXSourcesBuildPhase section */

/* Begin PBXVariantGroup section */
		E9BB73712752684400B48B5D /* LaunchScreen.storyboard */ = {
			isa = PBXVariantGroup;
			children = (
				E9BB73722752684400B48B5D /* Base */,
			);
			name = LaunchScreen.storyboard;
			sourceTree = "<group>";
		};
/* End PBXVariantGroup section */

/* Begin XCBuildConfiguration section */
		E9BB73752752684400B48B5D /* Debug */ = {
			isa = XCBuildConfiguration;
			buildSettings = {
				ALWAYS_SEARCH_USER_PATHS = NO;
				CLANG_ANALYZER_NONNULL = YES;
				CLANG_ANALYZER_NUMBER_OBJECT_CONVERSION = YES_AGGRESSIVE;
				CLANG_CXX_LANGUAGE_STANDARD = "gnu++17";
				CLANG_CXX_LIBRARY = "libc++";
				CLANG_ENABLE_MODULES = YES;
				CLANG_ENABLE_OBJC_ARC = YES;
				CLANG_ENABLE_OBJC_WEAK = YES;
				CLANG_WARN_BLOCK_CAPTURE_AUTORELEASING = YES;
				CLANG_WARN_BOOL_CONVERSION = YES;
				CLANG_WARN_COMMA = YES;
				CLANG_WARN_CONSTANT_CONVERSION = YES;
				CLANG_WARN_DEPRECATED_OBJC_IMPLEMENTATIONS = YES;
				CLANG_WARN_DIRECT_OBJC_ISA_USAGE = YES_ERROR;
				CLANG_WARN_DOCUMENTATION_COMMENTS = YES;
				CLANG_WARN_EMPTY_BODY = YES;
				CLANG_WARN_ENUM_CONVERSION = YES;
				CLANG_WARN_INFINITE_RECURSION = YES;
				CLANG_WARN_INT_CONVERSION = YES;
				CLANG_WARN_NON_LITERAL_NULL_CONVERSION = YES;
				CLANG_WARN_OBJC_IMPLICIT_RETAIN_SELF = YES;
				CLANG_WARN_OBJC_LITERAL_CONVERSION = YES;
				CLANG_WARN_OBJC_ROOT_CLASS = YES_ERROR;
				CLANG_WARN_QUOTED_INCLUDE_IN_FRAMEWORK_HEADER = YES;
				CLANG_WARN_RANGE_LOOP_ANALYSIS = YES;
				CLANG_WARN_STRICT_PROTOTYPES = YES;
				CLANG_WARN_SUSPICIOUS_MOVE = YES;
				CLANG_WARN_UNGUARDED_AVAILABILITY = YES_AGGRESSIVE;
				CLANG_WARN_UNREACHABLE_CODE = YES;
				CLANG_WARN__DUPLICATE_METHOD_MATCH = YES;
				COPY_PHASE_STRIP = NO;
				DEBUG_INFORMATION_FORMAT = dwarf;
				ENABLE_STRICT_OBJC_MSGSEND = YES;
				ENABLE_TESTABILITY = YES;
				GCC_C_LANGUAGE_STANDARD = gnu11;
				GCC_DYNAMIC_NO_PIC = NO;
				GCC_NO_COMMON_BLOCKS = YES;
				GCC_OPTIMIZATION_LEVEL = 0;
				GCC_PREPROCESSOR_DEFINITIONS = (
					"DEBUG=1",
					"$(inherited)",
				);
				GCC_WARN_64_TO_32_BIT_CONVERSION = YES;
				GCC_WARN_ABOUT_RETURN_TYPE = YES_ERROR;
				GCC_WARN_UNDECLARED_SELECTOR = YES;
				GCC_WARN_UNINITIALIZED_AUTOS = YES_AGGRESSIVE;
				GCC_WARN_UNUSED_FUNCTION = YES;
				GCC_WARN_UNUSED_VARIABLE = YES;
				IPHONEOS_DEPLOYMENT_TARGET = 15.0;
				MTL_ENABLE_DEBUG_INFO = INCLUDE_SOURCE;
				MTL_FAST_MATH = YES;
				ONLY_ACTIVE_ARCH = YES;
				SDKROOT = iphoneos;
				SWIFT_ACTIVE_COMPILATION_CONDITIONS = DEBUG;
				SWIFT_OPTIMIZATION_LEVEL = "-Onone";
			};
			name = Debug;
		};
		E9BB73762752684400B48B5D /* Release */ = {
			isa = XCBuildConfiguration;
			buildSettings = {
				ALWAYS_SEARCH_USER_PATHS = NO;
				CLANG_ANALYZER_NONNULL = YES;
				CLANG_ANALYZER_NUMBER_OBJECT_CONVERSION = YES_AGGRESSIVE;
				CLANG_CXX_LANGUAGE_STANDARD = "gnu++17";
				CLANG_CXX_LIBRARY = "libc++";
				CLANG_ENABLE_MODULES = YES;
				CLANG_ENABLE_OBJC_ARC = YES;
				CLANG_ENABLE_OBJC_WEAK = YES;
				CLANG_WARN_BLOCK_CAPTURE_AUTORELEASING = YES;
				CLANG_WARN_BOOL_CONVERSION = YES;
				CLANG_WARN_COMMA = YES;
				CLANG_WARN_CONSTANT_CONVERSION = YES;
				CLANG_WARN_DEPRECATED_OBJC_IMPLEMENTATIONS = YES;
				CLANG_WARN_DIRECT_OBJC_ISA_USAGE = YES_ERROR;
				CLANG_WARN_DOCUMENTATION_COMMENTS = YES;
				CLANG_WARN_EMPTY_BODY = YES;
				CLANG_WARN_ENUM_CONVERSION = YES;
				CLANG_WARN_INFINITE_RECURSION = YES;
				CLANG_WARN_INT_CONVERSION = YES;
				CLANG_WARN_NON_LITERAL_NULL_CONVERSION = YES;
				CLANG_WARN_OBJC_IMPLICIT_RETAIN_SELF = YES;
				CLANG_WARN_OBJC_LITERAL_CONVERSION = YES;
				CLANG_WARN_OBJC_ROOT_CLASS = YES_ERROR;
				CLANG_WARN_QUOTED_INCLUDE_IN_FRAMEWORK_HEADER = YES;
				CLANG_WARN_RANGE_LOOP_ANALYSIS = YES;
				CLANG_WARN_STRICT_PROTOTYPES = YES;
				CLANG_WARN_SUSPICIOUS_MOVE = YES;
				CLANG_WARN_UNGUARDED_AVAILABILITY = YES_AGGRESSIVE;
				CLANG_WARN_UNREACHABLE_CODE = YES;
				CLANG_WARN__DUPLICATE_METHOD_MATCH = YES;
				COPY_PHASE_STRIP = NO;
				DEBUG_INFORMATION_FORMAT = "dwarf-with-dsym";
				ENABLE_NS_ASSERTIONS = NO;
				ENABLE_STRICT_OBJC_MSGSEND = YES;
				GCC_C_LANGUAGE_STANDARD = gnu11;
				GCC_NO_COMMON_BLOCKS = YES;
				GCC_WARN_64_TO_32_BIT_CONVERSION = YES;
				GCC_WARN_ABOUT_RETURN_TYPE = YES_ERROR;
				GCC_WARN_UNDECLARED_SELECTOR = YES;
				GCC_WARN_UNINITIALIZED_AUTOS = YES_AGGRESSIVE;
				GCC_WARN_UNUSED_FUNCTION = YES;
				GCC_WARN_UNUSED_VARIABLE = YES;
				IPHONEOS_DEPLOYMENT_TARGET = 15.0;
				MTL_ENABLE_DEBUG_INFO = NO;
				MTL_FAST_MATH = YES;
				SDKROOT = iphoneos;
				SWIFT_COMPILATION_MODE = wholemodule;
				SWIFT_OPTIMIZATION_LEVEL = "-O";
				VALIDATE_PRODUCT = YES;
			};
			name = Release;
		};
		E9BB73782752684400B48B5D /* Debug */ = {
			isa = XCBuildConfiguration;
			buildSettings = {
				ASSETCATALOG_COMPILER_APPICON_NAME = AppIcon;
				ASSETCATALOG_COMPILER_GLOBAL_ACCENT_COLOR_NAME = AccentColor;
				CODE_SIGN_STYLE = Automatic;
				CURRENT_PROJECT_VERSION = 1;
				DEVELOPMENT_TEAM = NDRZ8KX7T6;
				GENERATE_INFOPLIST_FILE = YES;
				INFOPLIST_FILE = CollectionAppWithArchitectures/Info.plist;
				INFOPLIST_KEY_UIApplicationSupportsIndirectInputEvents = YES;
				INFOPLIST_KEY_UILaunchStoryboardName = LaunchScreen;
				INFOPLIST_KEY_UISupportedInterfaceOrientations = UIInterfaceOrientationPortrait;
				INFOPLIST_KEY_UISupportedInterfaceOrientations_iPad = "UIInterfaceOrientationPortrait UIInterfaceOrientationPortraitUpsideDown UIInterfaceOrientationLandscapeLeft UIInterfaceOrientationLandscapeRight";
				INFOPLIST_KEY_UISupportedInterfaceOrientations_iPhone = "UIInterfaceOrientationPortrait UIInterfaceOrientationLandscapeLeft UIInterfaceOrientationLandscapeRight";
				LD_RUNPATH_SEARCH_PATHS = (
					"$(inherited)",
					"@executable_path/Frameworks",
				);
				MARKETING_VERSION = 1.0;
				PRODUCT_BUNDLE_IDENTIFIER = pavel.com.by.CollectionAppWithArchitectures;
				PRODUCT_NAME = "$(TARGET_NAME)";
				SWIFT_EMIT_LOC_STRINGS = YES;
				SWIFT_VERSION = 5.0;
				TARGETED_DEVICE_FAMILY = "1,2";
			};
			name = Debug;
		};
		E9BB73792752684400B48B5D /* Release */ = {
			isa = XCBuildConfiguration;
			buildSettings = {
				ASSETCATALOG_COMPILER_APPICON_NAME = AppIcon;
				ASSETCATALOG_COMPILER_GLOBAL_ACCENT_COLOR_NAME = AccentColor;
				CODE_SIGN_STYLE = Automatic;
				CURRENT_PROJECT_VERSION = 1;
				DEVELOPMENT_TEAM = NDRZ8KX7T6;
				GENERATE_INFOPLIST_FILE = YES;
				INFOPLIST_FILE = CollectionAppWithArchitectures/Info.plist;
				INFOPLIST_KEY_UIApplicationSupportsIndirectInputEvents = YES;
				INFOPLIST_KEY_UILaunchStoryboardName = LaunchScreen;
				INFOPLIST_KEY_UISupportedInterfaceOrientations = UIInterfaceOrientationPortrait;
				INFOPLIST_KEY_UISupportedInterfaceOrientations_iPad = "UIInterfaceOrientationPortrait UIInterfaceOrientationPortraitUpsideDown UIInterfaceOrientationLandscapeLeft UIInterfaceOrientationLandscapeRight";
				INFOPLIST_KEY_UISupportedInterfaceOrientations_iPhone = "UIInterfaceOrientationPortrait UIInterfaceOrientationLandscapeLeft UIInterfaceOrientationLandscapeRight";
				LD_RUNPATH_SEARCH_PATHS = (
					"$(inherited)",
					"@executable_path/Frameworks",
				);
				MARKETING_VERSION = 1.0;
				PRODUCT_BUNDLE_IDENTIFIER = pavel.com.by.CollectionAppWithArchitectures;
				PRODUCT_NAME = "$(TARGET_NAME)";
				SWIFT_EMIT_LOC_STRINGS = YES;
				SWIFT_VERSION = 5.0;
				TARGETED_DEVICE_FAMILY = "1,2";
			};
			name = Release;
		};
/* End XCBuildConfiguration section */

/* Begin XCConfigurationList section */
		E9BB735E2752684200B48B5D /* Build configuration list for PBXProject "CollectionAppWithArchitectures" */ = {
			isa = XCConfigurationList;
			buildConfigurations = (
				E9BB73752752684400B48B5D /* Debug */,
				E9BB73762752684400B48B5D /* Release */,
			);
			defaultConfigurationIsVisible = 0;
			defaultConfigurationName = Release;
		};
		E9BB73772752684400B48B5D /* Build configuration list for PBXNativeTarget "CollectionAppWithArchitectures" */ = {
			isa = XCConfigurationList;
			buildConfigurations = (
				E9BB73782752684400B48B5D /* Debug */,
				E9BB73792752684400B48B5D /* Release */,
			);
			defaultConfigurationIsVisible = 0;
			defaultConfigurationName = Release;
		};
/* End XCConfigurationList section */
	};
	rootObject = E9BB735B2752684200B48B5D /* Project object */;
}
