// !$*UTF8*$!
{
	archiveVersion = 1;
	classes = {
	};
	objectVersion = 50;
	objects = {

/* Begin PBXBuildFile section */
		E91280A7272DC770009CBC25 /* AppDelegate.swift in Sources */ = {isa = PBXBuildFile; fileRef = E91280A6272DC770009CBC25 /* AppDelegate.swift */; };
		E91280A9272DC770009CBC25 /* SceneDelegate.swift in Sources */ = {isa = PBXBuildFile; fileRef = E91280A8272DC770009CBC25 /* SceneDelegate.swift */; };
		E91280B0272DC772009CBC25 /* Assets.xcassets in Resources */ = {isa = PBXBuildFile; fileRef = E91280AF272DC772009CBC25 /* Assets.xcassets */; };
		E91280B3272DC772009CBC25 /* LaunchScreen.storyboard in Resources */ = {isa = PBXBuildFile; fileRef = E91280B1272DC772009CBC25 /* LaunchScreen.storyboard */; };
		E91280BB272DC98F009CBC25 /* MainTabBarController.swift in Sources */ = {isa = PBXBuildFile; fileRef = E91280BA272DC98F009CBC25 /* MainTabBarController.swift */; };
		E91280BD272DC9D9009CBC25 /* CarsViewController.swift in Sources */ = {isa = PBXBuildFile; fileRef = E91280BC272DC9D9009CBC25 /* CarsViewController.swift */; };
		E91280BF272DC9EE009CBC25 /* ListViewController.swift in Sources */ = {isa = PBXBuildFile; fileRef = E91280BE272DC9EE009CBC25 /* ListViewController.swift */; };
		E91280C1272DCCAA009CBC25 /* Cars.swift in Sources */ = {isa = PBXBuildFile; fileRef = E91280C0272DCCAA009CBC25 /* Cars.swift */; };
		E91280C6272DE16C009CBC25 /* ListTableViewCell.swift in Sources */ = {isa = PBXBuildFile; fileRef = E91280C5272DE16C009CBC25 /* ListTableViewCell.swift */; };
/* End PBXBuildFile section */

/* Begin PBXFileReference section */
		E91280A3272DC770009CBC25 /* homework_1.app */ = {isa = PBXFileReference; explicitFileType = wrapper.application; includeInIndex = 0; path = homework_1.app; sourceTree = BUILT_PRODUCTS_DIR; };
		E91280A6272DC770009CBC25 /* AppDelegate.swift */ = {isa = PBXFileReference; lastKnownFileType = sourcecode.swift; path = AppDelegate.swift; sourceTree = "<group>"; };
		E91280A8272DC770009CBC25 /* SceneDelegate.swift */ = {isa = PBXFileReference; lastKnownFileType = sourcecode.swift; path = SceneDelegate.swift; sourceTree = "<group>"; };
		E91280AF272DC772009CBC25 /* Assets.xcassets */ = {isa = PBXFileReference; lastKnownFileType = folder.assetcatalog; path = Assets.xcassets; sourceTree = "<group>"; };
		E91280B2272DC772009CBC25 /* Base */ = {isa = PBXFileReference; lastKnownFileType = file.storyboard; name = Base; path = Base.lproj/LaunchScreen.storyboard; sourceTree = "<group>"; };
		E91280B4272DC772009CBC25 /* Info.plist */ = {isa = PBXFileReference; lastKnownFileType = text.plist.xml; path = Info.plist; sourceTree = "<group>"; };
		E91280BA272DC98F009CBC25 /* MainTabBarController.swift */ = {isa = PBXFileReference; lastKnownFileType = sourcecode.swift; path = MainTabBarController.swift; sourceTree = "<group>"; };
		E91280BC272DC9D9009CBC25 /* CarsViewController.swift */ = {isa = PBXFileReference; lastKnownFileType = sourcecode.swift; path = CarsViewController.swift; sourceTree = "<group>"; };
		E91280BE272DC9EE009CBC25 /* ListViewController.swift */ = {isa = PBXFileReference; lastKnownFileType = sourcecode.swift; path = ListViewController.swift; sourceTree = "<group>"; };
		E91280C0272DCCAA009CBC25 /* Cars.swift */ = {isa = PBXFileReference; lastKnownFileType = sourcecode.swift; path = Cars.swift; sourceTree = "<group>"; };
		E91280C5272DE16C009CBC25 /* ListTableViewCell.swift */ = {isa = PBXFileReference; lastKnownFileType = sourcecode.swift; path = ListTableViewCell.swift; sourceTree = "<group>"; };
/* End PBXFileReference section */

/* Begin PBXFrameworksBuildPhase section */
		E91280A0272DC770009CBC25 /* Frameworks */ = {
			isa = PBXFrameworksBuildPhase;
			buildActionMask = 2147483647;
			files = (
			);
			runOnlyForDeploymentPostprocessing = 0;
		};
/* End PBXFrameworksBuildPhase section */

/* Begin PBXGroup section */
		E912809A272DC770009CBC25 = {
			isa = PBXGroup;
			children = (
				E91280A5272DC770009CBC25 /* homework_1 */,
				E91280A4272DC770009CBC25 /* Products */,
			);
			sourceTree = "<group>";
		};
		E91280A4272DC770009CBC25 /* Products */ = {
			isa = PBXGroup;
			children = (
				E91280A3272DC770009CBC25 /* homework_1.app */,
			);
			name = Products;
			sourceTree = "<group>";
		};
		E91280A5272DC770009CBC25 /* homework_1 */ = {
			isa = PBXGroup;
			children = (
				E91280A6272DC770009CBC25 /* AppDelegate.swift */,
				E91280A8272DC770009CBC25 /* SceneDelegate.swift */,
				E91280C2272DCCC0009CBC25 /* Model */,
				E91280C4272DCCE8009CBC25 /* View */,
				E91280C3272DCCCE009CBC25 /* Controllers */,
				E91280AF272DC772009CBC25 /* Assets.xcassets */,
				E91280B1272DC772009CBC25 /* LaunchScreen.storyboard */,
				E91280B4272DC772009CBC25 /* Info.plist */,
			);
			path = homework_1;
			sourceTree = "<group>";
		};
		E91280C2272DCCC0009CBC25 /* Model */ = {
			isa = PBXGroup;
			children = (
				E91280C0272DCCAA009CBC25 /* Cars.swift */,
			);
			path = Model;
			sourceTree = "<group>";
		};
		E91280C3272DCCCE009CBC25 /* Controllers */ = {
			isa = PBXGroup;
			children = (
				E91280BA272DC98F009CBC25 /* MainTabBarController.swift */,
				E91280BC272DC9D9009CBC25 /* CarsViewController.swift */,
				E91280BE272DC9EE009CBC25 /* ListViewController.swift */,
			);
			path = Controllers;
			sourceTree = "<group>";
		};
		E91280C4272DCCE8009CBC25 /* View */ = {
			isa = PBXGroup;
			children = (
				E91280C5272DE16C009CBC25 /* ListTableViewCell.swift */,
			);
			path = View;
			sourceTree = "<group>";
		};
/* End PBXGroup section */

/* Begin PBXNativeTarget section */
		E91280A2272DC770009CBC25 /* homework_1 */ = {
			isa = PBXNativeTarget;
			buildConfigurationList = E91280B7272DC772009CBC25 /* Build configuration list for PBXNativeTarget "homework_1" */;
			buildPhases = (
				E912809F272DC770009CBC25 /* Sources */,
				E91280A0272DC770009CBC25 /* Frameworks */,
				E91280A1272DC770009CBC25 /* Resources */,
			);
			buildRules = (
			);
			dependencies = (
			);
			name = homework_1;
			productName = homework_1;
			productReference = E91280A3272DC770009CBC25 /* homework_1.app */;
			productType = "com.apple.product-type.application";
		};
/* End PBXNativeTarget section */

/* Begin PBXProject section */
		E912809B272DC770009CBC25 /* Project object */ = {
			isa = PBXProject;
			attributes = {
				LastSwiftUpdateCheck = 1250;
				LastUpgradeCheck = 1250;
				TargetAttributes = {
					E91280A2272DC770009CBC25 = {
						CreatedOnToolsVersion = 12.5.1;
					};
				};
			};
			buildConfigurationList = E912809E272DC770009CBC25 /* Build configuration list for PBXProject "homework_1" */;
			compatibilityVersion = "Xcode 9.3";
			developmentRegion = en;
			hasScannedForEncodings = 0;
			knownRegions = (
				en,
				Base,
			);
			mainGroup = E912809A272DC770009CBC25;
			productRefGroup = E91280A4272DC770009CBC25 /* Products */;
			projectDirPath = "";
			projectRoot = "";
			targets = (
				E91280A2272DC770009CBC25 /* homework_1 */,
			);
		};
/* End PBXProject section */

/* Begin PBXResourcesBuildPhase section */
		E91280A1272DC770009CBC25 /* Resources */ = {
			isa = PBXResourcesBuildPhase;
			buildActionMask = 2147483647;
			files = (
				E91280B3272DC772009CBC25 /* LaunchScreen.storyboard in Resources */,
				E91280B0272DC772009CBC25 /* Assets.xcassets in Resources */,
			);
			runOnlyForDeploymentPostprocessing = 0;
		};
/* End PBXResourcesBuildPhase section */

/* Begin PBXSourcesBuildPhase section */
		E912809F272DC770009CBC25 /* Sources */ = {
			isa = PBXSourcesBuildPhase;
			buildActionMask = 2147483647;
			files = (
				E91280C6272DE16C009CBC25 /* ListTableViewCell.swift in Sources */,
				E91280A7272DC770009CBC25 /* AppDelegate.swift in Sources */,
				E91280A9272DC770009CBC25 /* SceneDelegate.swift in Sources */,
				E91280BB272DC98F009CBC25 /* MainTabBarController.swift in Sources */,
				E91280BF272DC9EE009CBC25 /* ListViewController.swift in Sources */,
				E91280C1272DCCAA009CBC25 /* Cars.swift in Sources */,
				E91280BD272DC9D9009CBC25 /* CarsViewController.swift in Sources */,
			);
			runOnlyForDeploymentPostprocessing = 0;
		};
/* End PBXSourcesBuildPhase section */

/* Begin PBXVariantGroup section */
		E91280B1272DC772009CBC25 /* LaunchScreen.storyboard */ = {
			isa = PBXVariantGroup;
			children = (
				E91280B2272DC772009CBC25 /* Base */,
			);
			name = LaunchScreen.storyboard;
			sourceTree = "<group>";
		};
/* End PBXVariantGroup section */

/* Begin XCBuildConfiguration section */
		E91280B5272DC772009CBC25 /* Debug */ = {
			isa = XCBuildConfiguration;
			buildSettings = {
				ALWAYS_SEARCH_USER_PATHS = NO;
				CLANG_ANALYZER_NONNULL = YES;
				CLANG_ANALYZER_NUMBER_OBJECT_CONVERSION = YES_AGGRESSIVE;
				CLANG_CXX_LANGUAGE_STANDARD = "gnu++14";
				CLANG_CXX_LIBRARY = "libc++";
				CLANG_ENABLE_MODULES = YES;
				CLANG_ENABLE_OBJC_ARC = YES;
				CLANG_ENABLE_OBJC_WEAK = YES;
				CLANG_WARN_BLOCK_CAPTURE_AUTORELEASING = YES;
				CLANG_WARN_BOOL_CONVERSION = YES;
				CLANG_WARN_COMMA = YES;
				CLANG_WARN_CONSTANT_CONVERSION = YES;
				CLANG_WARN_DEPRECATED_OBJC_IMPLEMENTATIONS = YES;
				CLANG_WARN_DIRECT_OBJC_ISA_USAGE = YES_ERROR;
				CLANG_WARN_DOCUMENTATION_COMMENTS = YES;
				CLANG_WARN_EMPTY_BODY = YES;
				CLANG_WARN_ENUM_CONVERSION = YES;
				CLANG_WARN_INFINITE_RECURSION = YES;
				CLANG_WARN_INT_CONVERSION = YES;
				CLANG_WARN_NON_LITERAL_NULL_CONVERSION = YES;
				CLANG_WARN_OBJC_IMPLICIT_RETAIN_SELF = YES;
				CLANG_WARN_OBJC_LITERAL_CONVERSION = YES;
				CLANG_WARN_OBJC_ROOT_CLASS = YES_ERROR;
				CLANG_WARN_QUOTED_INCLUDE_IN_FRAMEWORK_HEADER = YES;
				CLANG_WARN_RANGE_LOOP_ANALYSIS = YES;
				CLANG_WARN_STRICT_PROTOTYPES = YES;
				CLANG_WARN_SUSPICIOUS_MOVE = YES;
				CLANG_WARN_UNGUARDED_AVAILABILITY = YES_AGGRESSIVE;
				CLANG_WARN_UNREACHABLE_CODE = YES;
				CLANG_WARN__DUPLICATE_METHOD_MATCH = YES;
				COPY_PHASE_STRIP = NO;
				DEBUG_INFORMATION_FORMAT = dwarf;
				ENABLE_STRICT_OBJC_MSGSEND = YES;
				ENABLE_TESTABILITY = YES;
				GCC_C_LANGUAGE_STANDARD = gnu11;
				GCC_DYNAMIC_NO_PIC = NO;
				GCC_NO_COMMON_BLOCKS = YES;
				GCC_OPTIMIZATION_LEVEL = 0;
				GCC_PREPROCESSOR_DEFINITIONS = (
					"DEBUG=1",
					"$(inherited)",
				);
				GCC_WARN_64_TO_32_BIT_CONVERSION = YES;
				GCC_WARN_ABOUT_RETURN_TYPE = YES_ERROR;
				GCC_WARN_UNDECLARED_SELECTOR = YES;
				GCC_WARN_UNINITIALIZED_AUTOS = YES_AGGRESSIVE;
				GCC_WARN_UNUSED_FUNCTION = YES;
				GCC_WARN_UNUSED_VARIABLE = YES;
				IPHONEOS_DEPLOYMENT_TARGET = 14.5;
				MTL_ENABLE_DEBUG_INFO = INCLUDE_SOURCE;
				MTL_FAST_MATH = YES;
				ONLY_ACTIVE_ARCH = YES;
				SDKROOT = iphoneos;
				SWIFT_ACTIVE_COMPILATION_CONDITIONS = DEBUG;
				SWIFT_OPTIMIZATION_LEVEL = "-Onone";
			};
			name = Debug;
		};
		E91280B6272DC772009CBC25 /* Release */ = {
			isa = XCBuildConfiguration;
			buildSettings = {
				ALWAYS_SEARCH_USER_PATHS = NO;
				CLANG_ANALYZER_NONNULL = YES;
				CLANG_ANALYZER_NUMBER_OBJECT_CONVERSION = YES_AGGRESSIVE;
				CLANG_CXX_LANGUAGE_STANDARD = "gnu++14";
				CLANG_CXX_LIBRARY = "libc++";
				CLANG_ENABLE_MODULES = YES;
				CLANG_ENABLE_OBJC_ARC = YES;
				CLANG_ENABLE_OBJC_WEAK = YES;
				CLANG_WARN_BLOCK_CAPTURE_AUTORELEASING = YES;
				CLANG_WARN_BOOL_CONVERSION = YES;
				CLANG_WARN_COMMA = YES;
				CLANG_WARN_CONSTANT_CONVERSION = YES;
				CLANG_WARN_DEPRECATED_OBJC_IMPLEMENTATIONS = YES;
				CLANG_WARN_DIRECT_OBJC_ISA_USAGE = YES_ERROR;
				CLANG_WARN_DOCUMENTATION_COMMENTS = YES;
				CLANG_WARN_EMPTY_BODY = YES;
				CLANG_WARN_ENUM_CONVERSION = YES;
				CLANG_WARN_INFINITE_RECURSION = YES;
				CLANG_WARN_INT_CONVERSION = YES;
				CLANG_WARN_NON_LITERAL_NULL_CONVERSION = YES;
				CLANG_WARN_OBJC_IMPLICIT_RETAIN_SELF = YES;
				CLANG_WARN_OBJC_LITERAL_CONVERSION = YES;
				CLANG_WARN_OBJC_ROOT_CLASS = YES_ERROR;
				CLANG_WARN_QUOTED_INCLUDE_IN_FRAMEWORK_HEADER = YES;
				CLANG_WARN_RANGE_LOOP_ANALYSIS = YES;
				CLANG_WARN_STRICT_PROTOTYPES = YES;
				CLANG_WARN_SUSPICIOUS_MOVE = YES;
				CLANG_WARN_UNGUARDED_AVAILABILITY = YES_AGGRESSIVE;
				CLANG_WARN_UNREACHABLE_CODE = YES;
				CLANG_WARN__DUPLICATE_METHOD_MATCH = YES;
				COPY_PHASE_STRIP = NO;
				DEBUG_INFORMATION_FORMAT = "dwarf-with-dsym";
				ENABLE_NS_ASSERTIONS = NO;
				ENABLE_STRICT_OBJC_MSGSEND = YES;
				GCC_C_LANGUAGE_STANDARD = gnu11;
				GCC_NO_COMMON_BLOCKS = YES;
				GCC_WARN_64_TO_32_BIT_CONVERSION = YES;
				GCC_WARN_ABOUT_RETURN_TYPE = YES_ERROR;
				GCC_WARN_UNDECLARED_SELECTOR = YES;
				GCC_WARN_UNINITIALIZED_AUTOS = YES_AGGRESSIVE;
				GCC_WARN_UNUSED_FUNCTION = YES;
				GCC_WARN_UNUSED_VARIABLE = YES;
				IPHONEOS_DEPLOYMENT_TARGET = 14.5;
				MTL_ENABLE_DEBUG_INFO = NO;
				MTL_FAST_MATH = YES;
				SDKROOT = iphoneos;
				SWIFT_COMPILATION_MODE = wholemodule;
				SWIFT_OPTIMIZATION_LEVEL = "-O";
				VALIDATE_PRODUCT = YES;
			};
			name = Release;
		};
		E91280B8272DC772009CBC25 /* Debug */ = {
			isa = XCBuildConfiguration;
			buildSettings = {
				ASSETCATALOG_COMPILER_APPICON_NAME = AppIcon;
				ASSETCATALOG_COMPILER_GLOBAL_ACCENT_COLOR_NAME = AccentColor;
				CODE_SIGN_STYLE = Automatic;
				DEVELOPMENT_TEAM = NDRZ8KX7T6;
				INFOPLIST_FILE = homework_1/Info.plist;
				LD_RUNPATH_SEARCH_PATHS = (
					"$(inherited)",
					"@executable_path/Frameworks",
				);
				PRODUCT_BUNDLE_IDENTIFIER = "pavel.com.by.homework-1";
				PRODUCT_NAME = "$(TARGET_NAME)";
				SWIFT_VERSION = 5.0;
				TARGETED_DEVICE_FAMILY = "1,2";
			};
			name = Debug;
		};
		E91280B9272DC772009CBC25 /* Release */ = {
			isa = XCBuildConfiguration;
			buildSettings = {
				ASSETCATALOG_COMPILER_APPICON_NAME = AppIcon;
				ASSETCATALOG_COMPILER_GLOBAL_ACCENT_COLOR_NAME = AccentColor;
				CODE_SIGN_STYLE = Automatic;
				DEVELOPMENT_TEAM = NDRZ8KX7T6;
				INFOPLIST_FILE = homework_1/Info.plist;
				LD_RUNPATH_SEARCH_PATHS = (
					"$(inherited)",
					"@executable_path/Frameworks",
				);
				PRODUCT_BUNDLE_IDENTIFIER = "pavel.com.by.homework-1";
				PRODUCT_NAME = "$(TARGET_NAME)";
				SWIFT_VERSION = 5.0;
				TARGETED_DEVICE_FAMILY = "1,2";
			};
			name = Release;
		};
/* End XCBuildConfiguration section */

/* Begin XCConfigurationList section */
		E912809E272DC770009CBC25 /* Build configuration list for PBXProject "homework_1" */ = {
			isa = XCConfigurationList;
			buildConfigurations = (
				E91280B5272DC772009CBC25 /* Debug */,
				E91280B6272DC772009CBC25 /* Release */,
			);
			defaultConfigurationIsVisible = 0;
			defaultConfigurationName = Release;
		};
		E91280B7272DC772009CBC25 /* Build configuration list for PBXNativeTarget "homework_1" */ = {
			isa = XCConfigurationList;
			buildConfigurations = (
				E91280B8272DC772009CBC25 /* Debug */,
				E91280B9272DC772009CBC25 /* Release */,
			);
			defaultConfigurationIsVisible = 0;
			defaultConfigurationName = Release;
		};
/* End XCConfigurationList section */
	};
	rootObject = E912809B272DC770009CBC25 /* Project object */;
}
